{
  "name": "beaconwatch-monitor",
  "version": "1.0.0",
  "lockfileVersion": 3,
  "requires": true,
  "packages": {
    "": {
      "name": "beaconwatch-monitor",
      "version": "1.0.0",
      "dependencies": {
        "nodemailer": "^9.0.4",
        "playwright-core": "^1.62.1"
      }
    },
    "node_modules/nodemailer": {
      "version": "9.0.4",
      "resolved": "https://registry.npmjs.org/nodemailer/-/nodemailer-9.0.4.tgz",
      "integrity": "sha512-LmJNRVRtfSCULxcZpy0Cpg4WWenlUZ9+zbmTO+S7v9wD6XreYLjXRFtDjtV/4F0HT5p1GyZfA0Ux/myxHb18CQ==",
      "license": "MIT-0",
      "engines": {
        "node": ">=6.0.0"
      }
    },
    "node_modules/playwright-core": {
      "version": "1.62.1",
      "resolved": "https://registry.npmjs.org/playwright-core/-/playwright-core-1.62.1.tgz",
      "integrity": "sha512-wPYSwEBJY9GHraISXqyqtx0na0LpO3XEX7jNDhntbex7tzUS7kLnZsOlFruFJB4Hi/rhDMjXGqHewDZ68nYZVw==",
      "license": "Apache-2.0",
      "bin": {
        "playwright-core": "cli.js"
      },
      "engines": {
        "node": ">=20"
      }
    }
  }
}
